{
    "_readme": [
        "This file locks the dependencies of your project to a known state",
        "Read more about it at https://getcomposer.org/doc/01-basic-usage.md#installing-dependencies",
        "This file is @generated automatically"
    ],
    "content-hash": "e02a9f105a451caaca9674bef4ea075c",
    "packages": [
        {
            "name": "nunomaduro/pokio",
            "version": "dev-main",
            "source": {
                "type": "git",
                "url": "https://github.com/nunomaduro/pokio.git",
                "reference": "e4d18174f6b0d0b5e44608ef5f53a6eef22f775d"
            },
            "dist": {
                "type": "zip",
                "url": "https://api.github.com/repos/nunomaduro/pokio/zipball/e4d18174f6b0d0b5e44608ef5f53a6eef22f775d",
                "reference": "e4d18174f6b0d0b5e44608ef5f53a6eef22f775d",
                "shasum": ""
            },
            "require": {
                "php": "^8.3.0"
            },
            "conflict": {
                "symplify/easy-parallel": "<11.2.2"
            },
            "require-dev": {
                "laravel/pint": "^1.22.1",
                "peckphp/peck": "^0.1.3",
                "pestphp/pest": "^4.0.0",
                "pestphp/pest-plugin-type-coverage": "^4.0.0",
                "phpstan/phpstan": "^2.1.17",
                "rector/rector": "^2.0.16",
                "symfony/var-dumper": "^7.2.6"
            },
            "default-branch": true,
            "type": "library",
            "autoload": {
                "files": [
                    "src/Functions.php"
                ],
                "psr-4": {
                    "Pokio\\": "src/"
                }
            },
            "notification-url": "https://packagist.org/downloads/",
            "license": [
                "MIT"
            ],
            "authors": [
                {
                    "name": "Nuno Maduro",
                    "email": "enunomaduro@gmail.com"
                }
            ],
            "description": "Pokio is a dead simple asynchronous API for PHP that just works",
            "keywords": [
                "asynchronous",
                "library",
                "php",
                "pokio"
            ],
            "support": {
                "issues": "https://github.com/nunomaduro/pokio/issues",
                "source": "https://github.com/nunomaduro/pokio/tree/main"
            },
            "funding": [
                {
                    "url": "https://www.paypal.com/paypalme/enunomaduro",
                    "type": "custom"
                },
                {
                    "url": "https://github.com/nunomaduro",
                    "type": "github"
                },
                {
                    "url": "https://www.patreon.com/nunomaduro",
                    "type": "patreon"
                }
            ],
            "time": "2025-05-23T18:45:08+00:00"
        }
    ],
    "packages-dev": [],
    "aliases": [],
    "minimum-stability": "stable",
    "stability-flags": {
        "nunomaduro/pokio": 20
    },
    "prefer-stable": false,
    "prefer-lowest": false,
    "platform": {},
    "platform-dev": {},
    "plugin-api-version": "2.6.0"
}
